
Microsoft Visual Studio Solution File, Format Version 12.00
# Visual Studio Version 16
VisualStudioVersion = 16.0.30523.141
MinimumVisualStudioVersion = 10.0.40219.1
Project("{FAE04EC0-301F-11D3-BF4B-00C04F79EFBC}") = "Sweepstakes", "Sweepstakes\Sweepstakes.csproj", "{5F3676BF-CAEA-4345-B586-89F8D3CC6639}"
EndProject
Global
	GlobalSection(SolutionConfigurationPlatforms) = preSolution
		Debug|Any CPU = Debug|Any CPU
		Release|Any CPU = Release|Any CPU
	EndGlobalSection
	GlobalSection(ProjectConfigurationPlatforms) = postSolution
		{5F3676BF-CAEA-4345-B586-89F8D3CC6639}.Debug|Any CPU.ActiveCfg = Debug|Any CPU
		{5F3676BF-CAEA-4345-B586-89F8D3CC6639}.Debug|Any CPU.Build.0 = Debug|Any CPU
		{5F3676BF-CAEA-4345-B586-89F8D3CC6639}.Release|Any CPU.ActiveCfg = Release|Any CPU
		{5F3676BF-CAEA-4345-B586-89F8D3CC6639}.Release|Any CPU.Build.0 = Release|Any CPU
	EndGlobalSection
	GlobalSection(SolutionProperties) = preSolution
		HideSolutionNode = FALSE
	EndGlobalSection
	GlobalSection(ExtensibilityGlobals) = postSolution
		SolutionGuid = {DFEA937C-59B0-46E5-88E1-871AA354E364}
	EndGlobalSection
EndGlobal
